
Microsoft Visual Studio Solution File, Format Version 12.00
# Visual Studio Version 17
VisualStudioVersion = 17.6.33723.286
MinimumVisualStudioVersion = 10.0.40219.1
Project("{9A19103F-16F7-4668-BE54-9A1E7A4F7556}") = "BethanysPieShopHRM.App", "BethanysPieShopHRM.App\BethanysPieShopHRM.App.csproj", "{B2EC8853-723E-4E2C-BE8A-CABA38EB1F0D}"
EndProject
Project("{9A19103F-16F7-4668-BE54-9A1E7A4F7556}") = "BethanysPieShopHRM.Shared", "BethanysPieShopHRM.Shared\BethanysPieShopHRM.Shared.csproj", "{ADC62D71-1E00-4579-AE38-DE9F515E1F33}"
EndProject
Project("{9A19103F-16F7-4668-BE54-9A1E7A4F7556}") = "BethanysPieShopHRM.Api", "BethanysPieShopHRM.Api\BethanysPieShopHRM.Api.csproj", "{24EEB558-90FF-4621-B237-358B1599B470}"
EndProject
Project("{9A19103F-16F7-4668-BE54-9A1E7A4F7556}") = "BethanysPieShopHRMComponentsLibrary", "BethanysPieShopHRMComponentsLibrary\BethanysPieShopHRMComponentsLibrary.csproj", "{C72CF09A-D454-40E4-8DF1-9965F4589503}"
EndProject
Project("{9A19103F-16F7-4668-BE54-9A1E7A4F7556}") = "BethanysPieShopHRM.App.Tests", "BethanysPieShopHRM.App.Tests\BethanysPieShopHRM.App.Tests.csproj", "{239B5E95-BF41-4C16-A5B7-7BD5DB1356AF}"
EndProject
Global
	GlobalSection(SolutionConfigurationPlatforms) = preSolution
		Debug|Any CPU = Debug|Any CPU
		Release|Any CPU = Release|Any CPU
	EndGlobalSection
	GlobalSection(ProjectConfigurationPlatforms) = postSolution
		{B2EC8853-723E-4E2C-BE8A-CABA38EB1F0D}.Debug|Any CPU.ActiveCfg = Debug|Any CPU
		{B2EC8853-723E-4E2C-BE8A-CABA38EB1F0D}.Debug|Any CPU.Build.0 = Debug|Any CPU
		{B2EC8853-723E-4E2C-BE8A-CABA38EB1F0D}.Release|Any CPU.ActiveCfg = Release|Any CPU
		{B2EC8853-723E-4E2C-BE8A-CABA38EB1F0D}.Release|Any CPU.Build.0 = Release|Any CPU
		{ADC62D71-1E00-4579-AE38-DE9F515E1F33}.Debug|Any CPU.ActiveCfg = Debug|Any CPU
		{ADC62D71-1E00-4579-AE38-DE9F515E1F33}.Debug|Any CPU.Build.0 = Debug|Any CPU
		{ADC62D71-1E00-4579-AE38-DE9F515E1F33}.Release|Any CPU.ActiveCfg = Release|Any CPU
		{ADC62D71-1E00-4579-AE38-DE9F515E1F33}.Release|Any CPU.Build.0 = Release|Any CPU
		{24EEB558-90FF-4621-B237-358B1599B470}.Debug|Any CPU.ActiveCfg = Debug|Any CPU
		{24EEB558-90FF-4621-B237-358B1599B470}.Debug|Any CPU.Build.0 = Debug|Any CPU
		{24EEB558-90FF-4621-B237-358B1599B470}.Release|Any CPU.ActiveCfg = Release|Any CPU
		{24EEB558-90FF-4621-B237-358B1599B470}.Release|Any CPU.Build.0 = Release|Any CPU
		{C72CF09A-D454-40E4-8DF1-9965F4589503}.Debug|Any CPU.ActiveCfg = Debug|Any CPU
		{C72CF09A-D454-40E4-8DF1-9965F4589503}.Debug|Any CPU.Build.0 = Debug|Any CPU
		{C72CF09A-D454-40E4-8DF1-9965F4589503}.Release|Any CPU.ActiveCfg = Release|Any CPU
		{C72CF09A-D454-40E4-8DF1-9965F4589503}.Release|Any CPU.Build.0 = Release|Any CPU
		{239B5E95-BF41-4C16-A5B7-7BD5DB1356AF}.Debug|Any CPU.ActiveCfg = Debug|Any CPU
		{239B5E95-BF41-4C16-A5B7-7BD5DB1356AF}.Debug|Any CPU.Build.0 = Debug|Any CPU
		{239B5E95-BF41-4C16-A5B7-7BD5DB1356AF}.Release|Any CPU.ActiveCfg = Release|Any CPU
		{239B5E95-BF41-4C16-A5B7-7BD5DB1356AF}.Release|Any CPU.Build.0 = Release|Any CPU
	EndGlobalSection
	GlobalSection(SolutionProperties) = preSolution
		HideSolutionNode = FALSE
	EndGlobalSection
	GlobalSection(ExtensibilityGlobals) = postSolution
		SolutionGuid = {14EDBCEB-D54C-4526-8BCF-BC4084FF662D}
	EndGlobalSection
EndGlobal
